
Microsoft Visual Studio Solution File, Format Version 12.00
# Visual Studio 15
VisualStudioVersion = 15.0.27703.2000
MinimumVisualStudioVersion = 10.0.40219.1
Project("{2150E333-8FDC-42A3-9474-1A3956D46DE8}") = "Editor", "Editor", "{D36703B1-D056-4A88-A734-316E30B61D21}"
EndProject
Project("{2150E333-8FDC-42A3-9474-1A3956D46DE8}") = "Core", "Core", "{3A20BDCA-5B60-4834-B42D-F0F371D74109}"
EndProject
Project("{2150E333-8FDC-42A3-9474-1A3956D46DE8}") = "Plugins", "Plugins", "{53C97D50-ADE8-4ABF-9EB4-DD9E830BEFFE}"
EndProject
Project("{2150E333-8FDC-42A3-9474-1A3956D46DE8}") = "Launcher", "Launcher", "{EFF9D699-1767-43AE-8432-8AC33C16FF86}"
EndProject
Project("{2150E333-8FDC-42A3-9474-1A3956D46DE8}") = "Platform", "Platform", "{98594220-32DE-4EC8-BF4A-2809DB14FF18}"
EndProject
Project("{FAE04EC0-301F-11D3-BF4B-00C04F79EFBC}") = "CoheeEditor", "Source\Editor\CoheeEditor\CoheeEditor.csproj", "{2EBC02E3-29BC-47B9-BE1D-F977EED9A875}"
EndProject
Project("{FAE04EC0-301F-11D3-BF4B-00C04F79EFBC}") = "CoheeLauncher", "Source\Launcher\CoheeLauncher\CoheeLauncher.csproj", "{482E1F1D-CDCC-46CC-A261-64F46A29C69D}"
EndProject
Project("{2150E333-8FDC-42A3-9474-1A3956D46DE8}") = "EditorPlugins", "EditorPlugins", "{F02964B7-4171-4354-84A6-C056B7F27700}"
EndProject
Project("{FAE04EC0-301F-11D3-BF4B-00C04F79EFBC}") = "Cohee", "Source\Core\Cohee\Cohee.csproj", "{4701E301-619C-47F4-80A4-5EE34EEB3461}"
EndProject
Project("{FAE04EC0-301F-11D3-BF4B-00C04F79EFBC}") = "CoheePhysics", "Source\Core\CoheePhysics\CoheePhysics.csproj", "{9925043D-8CE0-4A84-9796-F8D458A0C4E7}"
EndProject
Project("{FAE04EC0-301F-11D3-BF4B-00C04F79EFBC}") = "OpenTK.Core", "Source\Platform\OpenTK.Core\OpenTK.Core.csproj", "{28A01BE4-2124-462B-BF18-F747CBFBD4A4}"
EndProject
Project("{FAE04EC0-301F-11D3-BF4B-00C04F79EFBC}") = "OpenTK.Editor", "Source\Platform\OpenTK.Editor\OpenTK.Editor.csproj", "{206BCD5C-DC87-4E67-826F-F0F97CB58022}"
EndProject
Project("{FAE04EC0-301F-11D3-BF4B-00C04F79EFBC}") = "CoheePrimitives", "Source\Core\CoheePrimitives\CoheePrimitives.csproj", "{3E3247BA-C000-40B5-837A-607F3A2491E0}"
EndProject
Global
	GlobalSection(SolutionConfigurationPlatforms) = preSolution
		Debug|Any CPU = Debug|Any CPU
		Release|Any CPU = Release|Any CPU
	EndGlobalSection
	GlobalSection(ProjectConfigurationPlatforms) = postSolution
		{2EBC02E3-29BC-47B9-BE1D-F977EED9A875}.Debug|Any CPU.ActiveCfg = Debug|Any CPU
		{2EBC02E3-29BC-47B9-BE1D-F977EED9A875}.Debug|Any CPU.Build.0 = Debug|Any CPU
		{2EBC02E3-29BC-47B9-BE1D-F977EED9A875}.Release|Any CPU.ActiveCfg = Release|Any CPU
		{2EBC02E3-29BC-47B9-BE1D-F977EED9A875}.Release|Any CPU.Build.0 = Release|Any CPU
		{482E1F1D-CDCC-46CC-A261-64F46A29C69D}.Debug|Any CPU.ActiveCfg = Debug|Any CPU
		{482E1F1D-CDCC-46CC-A261-64F46A29C69D}.Debug|Any CPU.Build.0 = Debug|Any CPU
		{482E1F1D-CDCC-46CC-A261-64F46A29C69D}.Release|Any CPU.ActiveCfg = Release|Any CPU
		{482E1F1D-CDCC-46CC-A261-64F46A29C69D}.Release|Any CPU.Build.0 = Release|Any CPU
		{4701E301-619C-47F4-80A4-5EE34EEB3461}.Debug|Any CPU.ActiveCfg = Debug|Any CPU
		{4701E301-619C-47F4-80A4-5EE34EEB3461}.Debug|Any CPU.Build.0 = Debug|Any CPU
		{4701E301-619C-47F4-80A4-5EE34EEB3461}.Release|Any CPU.ActiveCfg = Release|Any CPU
		{4701E301-619C-47F4-80A4-5EE34EEB3461}.Release|Any CPU.Build.0 = Release|Any CPU
		{9925043D-8CE0-4A84-9796-F8D458A0C4E7}.Debug|Any CPU.ActiveCfg = Debug|Any CPU
		{9925043D-8CE0-4A84-9796-F8D458A0C4E7}.Debug|Any CPU.Build.0 = Debug|Any CPU
		{9925043D-8CE0-4A84-9796-F8D458A0C4E7}.Release|Any CPU.ActiveCfg = Release|Any CPU
		{9925043D-8CE0-4A84-9796-F8D458A0C4E7}.Release|Any CPU.Build.0 = Release|Any CPU
		{28A01BE4-2124-462B-BF18-F747CBFBD4A4}.Debug|Any CPU.ActiveCfg = Debug|Any CPU
		{28A01BE4-2124-462B-BF18-F747CBFBD4A4}.Debug|Any CPU.Build.0 = Debug|Any CPU
		{28A01BE4-2124-462B-BF18-F747CBFBD4A4}.Release|Any CPU.ActiveCfg = Release|Any CPU
		{28A01BE4-2124-462B-BF18-F747CBFBD4A4}.Release|Any CPU.Build.0 = Release|Any CPU
		{206BCD5C-DC87-4E67-826F-F0F97CB58022}.Debug|Any CPU.ActiveCfg = Debug|Any CPU
		{206BCD5C-DC87-4E67-826F-F0F97CB58022}.Debug|Any CPU.Build.0 = Debug|Any CPU
		{206BCD5C-DC87-4E67-826F-F0F97CB58022}.Release|Any CPU.ActiveCfg = Release|Any CPU
		{206BCD5C-DC87-4E67-826F-F0F97CB58022}.Release|Any CPU.Build.0 = Release|Any CPU
		{3E3247BA-C000-40B5-837A-607F3A2491E0}.Debug|Any CPU.ActiveCfg = Debug|Any CPU
		{3E3247BA-C000-40B5-837A-607F3A2491E0}.Debug|Any CPU.Build.0 = Debug|Any CPU
		{3E3247BA-C000-40B5-837A-607F3A2491E0}.Release|Any CPU.ActiveCfg = Release|Any CPU
		{3E3247BA-C000-40B5-837A-607F3A2491E0}.Release|Any CPU.Build.0 = Release|Any CPU
	EndGlobalSection
	GlobalSection(SolutionProperties) = preSolution
		HideSolutionNode = FALSE
	EndGlobalSection
	GlobalSection(NestedProjects) = preSolution
		{2EBC02E3-29BC-47B9-BE1D-F977EED9A875} = {D36703B1-D056-4A88-A734-316E30B61D21}
		{482E1F1D-CDCC-46CC-A261-64F46A29C69D} = {EFF9D699-1767-43AE-8432-8AC33C16FF86}
		{F02964B7-4171-4354-84A6-C056B7F27700} = {53C97D50-ADE8-4ABF-9EB4-DD9E830BEFFE}
		{4701E301-619C-47F4-80A4-5EE34EEB3461} = {3A20BDCA-5B60-4834-B42D-F0F371D74109}
		{9925043D-8CE0-4A84-9796-F8D458A0C4E7} = {3A20BDCA-5B60-4834-B42D-F0F371D74109}
		{28A01BE4-2124-462B-BF18-F747CBFBD4A4} = {98594220-32DE-4EC8-BF4A-2809DB14FF18}
		{206BCD5C-DC87-4E67-826F-F0F97CB58022} = {98594220-32DE-4EC8-BF4A-2809DB14FF18}
		{3E3247BA-C000-40B5-837A-607F3A2491E0} = {3A20BDCA-5B60-4834-B42D-F0F371D74109}
	EndGlobalSection
	GlobalSection(ExtensibilityGlobals) = postSolution
		SolutionGuid = {0AFF1A43-1DCD-4925-AF60-BDC5E8DC738D}
	EndGlobalSection
EndGlobal
